{
  "name": "examen-typescript",
  "version": "1.0.0",
  "lockfileVersion": 3,
  "requires": true,
  "packages": {
    "": {
      "name": "examen-typescript",
      "version": "1.0.0",
      "license": "ISC",
      "devDependencies": {
        "@types/jquery": "^3.5.17"
      }
    },
    "node_modules/@types/jquery": {
      "version": "3.5.17",
      "resolved": "https://registry.npmjs.org/@types/jquery/-/jquery-3.5.17.tgz",
      "integrity": "sha512-U40tNEAGSTZ7R1OC6kGkD7f4TKW5DoVx6jd9kTB9mo5truFMi1m9Yohnw9kl1WpTPvDdj7zAw38LfCHSqnk5kA==",
      "dev": true,
      "dependencies": {
        "@types/sizzle": "*"
      }
    },
    "node_modules/@types/sizzle": {
      "version": "2.3.3",
      "resolved": "https://registry.npmjs.org/@types/sizzle/-/sizzle-2.3.3.tgz",
      "integrity": "sha512-JYM8x9EGF163bEyhdJBpR2QX1R5naCJHC8ucJylJ3w9/CVBaskdQ8WqBf8MmQrd1kRvp/a4TS8HJ+bxzR7ZJYQ==",
      "dev": true
    }
  }
}
